
Microsoft Visual Studio Solution File, Format Version 12.00
# Visual Studio Version 17
VisualStudioVersion = 17.10.35122.118
MinimumVisualStudioVersion = 10.0.40219.1
Project("{FAE04EC0-301F-11D3-BF4B-00C04F79EFBC}") = "Practice-exam1", "Practice-exam1\Practice-exam1.csproj", "{2DE78BFF-6D23-49D2-B2C4-ADC1F1883203}"
EndProject
Global
	GlobalSection(SolutionConfigurationPlatforms) = preSolution
		Debug|Any CPU = Debug|Any CPU
		Release|Any CPU = Release|Any CPU
	EndGlobalSection
	GlobalSection(ProjectConfigurationPlatforms) = postSolution
		{2DE78BFF-6D23-49D2-B2C4-ADC1F1883203}.Debug|Any CPU.ActiveCfg = Debug|Any CPU
		{2DE78BFF-6D23-49D2-B2C4-ADC1F1883203}.Debug|Any CPU.Build.0 = Debug|Any CPU
		{2DE78BFF-6D23-49D2-B2C4-ADC1F1883203}.Release|Any CPU.ActiveCfg = Release|Any CPU
		{2DE78BFF-6D23-49D2-B2C4-ADC1F1883203}.Release|Any CPU.Build.0 = Release|Any CPU
	EndGlobalSection
	GlobalSection(SolutionProperties) = preSolution
		HideSolutionNode = FALSE
	EndGlobalSection
	GlobalSection(ExtensibilityGlobals) = postSolution
		SolutionGuid = {B5DF9E66-0A09-4F37-9779-0555C52565F9}
	EndGlobalSection
EndGlobal
